
Microsoft Visual Studio Solution File, Format Version 12.00
# Visual Studio Version 16
VisualStudioVersion = 16.0.31410.357
MinimumVisualStudioVersion = 10.0.40219.1
Project("{2150E333-8FDC-42A3-9474-1A3956D46DE8}") = "src", "src", "{5F8CB7CD-B0AB-4EBB-AE40-02DE94CFEEC3}"
EndProject
Project("{2150E333-8FDC-42A3-9474-1A3956D46DE8}") = "test", "test", "{71225589-B1F4-4644-B400-BBB66BFB798A}"
EndProject
Project("{2150E333-8FDC-42A3-9474-1A3956D46DE8}") = "Core", "Core", "{27A7BDB0-A9F6-48B0-A423-44584035D772}"
EndProject
Project("{2150E333-8FDC-42A3-9474-1A3956D46DE8}") = "Infrastructure", "Infrastructure", "{525A1434-0973-4A7D-A332-F02CF7FDE828}"
EndProject
Project("{2150E333-8FDC-42A3-9474-1A3956D46DE8}") = "UI", "UI", "{7A52BF55-DBEF-4720-AABF-CE2C63F0C4BE}"
EndProject
Project("{9A19103F-16F7-4668-BE54-9A1E7A4F7556}") = "Application", "Application\Application.csproj", "{D9DD0BB7-AEE7-460D-9916-CD6FD0604F22}"
EndProject
Project("{9A19103F-16F7-4668-BE54-9A1E7A4F7556}") = "Domain", "Domain\Domain.csproj", "{DAFE91CD-3A0C-4526-8B50-7C5208230C38}"
EndProject
Project("{9A19103F-16F7-4668-BE54-9A1E7A4F7556}") = "PriceData", "PriceData\PriceData.csproj", "{6BB6F828-BAB2-4BED-9289-E66BC3BC1E22}"
EndProject
Project("{9A19103F-16F7-4668-BE54-9A1E7A4F7556}") = "Shared", "Shared\Shared.csproj", "{DC9E43E9-3082-409D-B121-7A4B1F0E3E49}"
EndProject
Project("{FAE04EC0-301F-11D3-BF4B-00C04F79EFBC}") = "PriceData.WebAPI", "PriceData.WebAPI\PriceData.WebAPI.csproj", "{AC1E8A16-1EBD-4652-BFB0-220BDCF7BD4F}"
EndProject
Global
	GlobalSection(SolutionConfigurationPlatforms) = preSolution
		Debug|Any CPU = Debug|Any CPU
		Release|Any CPU = Release|Any CPU
	EndGlobalSection
	GlobalSection(ProjectConfigurationPlatforms) = postSolution
		{D9DD0BB7-AEE7-460D-9916-CD6FD0604F22}.Debug|Any CPU.ActiveCfg = Debug|Any CPU
		{D9DD0BB7-AEE7-460D-9916-CD6FD0604F22}.Debug|Any CPU.Build.0 = Debug|Any CPU
		{D9DD0BB7-AEE7-460D-9916-CD6FD0604F22}.Release|Any CPU.ActiveCfg = Release|Any CPU
		{D9DD0BB7-AEE7-460D-9916-CD6FD0604F22}.Release|Any CPU.Build.0 = Release|Any CPU
		{DAFE91CD-3A0C-4526-8B50-7C5208230C38}.Debug|Any CPU.ActiveCfg = Debug|Any CPU
		{DAFE91CD-3A0C-4526-8B50-7C5208230C38}.Debug|Any CPU.Build.0 = Debug|Any CPU
		{DAFE91CD-3A0C-4526-8B50-7C5208230C38}.Release|Any CPU.ActiveCfg = Release|Any CPU
		{DAFE91CD-3A0C-4526-8B50-7C5208230C38}.Release|Any CPU.Build.0 = Release|Any CPU
		{6BB6F828-BAB2-4BED-9289-E66BC3BC1E22}.Debug|Any CPU.ActiveCfg = Debug|Any CPU
		{6BB6F828-BAB2-4BED-9289-E66BC3BC1E22}.Debug|Any CPU.Build.0 = Debug|Any CPU
		{6BB6F828-BAB2-4BED-9289-E66BC3BC1E22}.Release|Any CPU.ActiveCfg = Release|Any CPU
		{6BB6F828-BAB2-4BED-9289-E66BC3BC1E22}.Release|Any CPU.Build.0 = Release|Any CPU
		{DC9E43E9-3082-409D-B121-7A4B1F0E3E49}.Debug|Any CPU.ActiveCfg = Debug|Any CPU
		{DC9E43E9-3082-409D-B121-7A4B1F0E3E49}.Debug|Any CPU.Build.0 = Debug|Any CPU
		{DC9E43E9-3082-409D-B121-7A4B1F0E3E49}.Release|Any CPU.ActiveCfg = Release|Any CPU
		{DC9E43E9-3082-409D-B121-7A4B1F0E3E49}.Release|Any CPU.Build.0 = Release|Any CPU
		{AC1E8A16-1EBD-4652-BFB0-220BDCF7BD4F}.Debug|Any CPU.ActiveCfg = Debug|Any CPU
		{AC1E8A16-1EBD-4652-BFB0-220BDCF7BD4F}.Debug|Any CPU.Build.0 = Debug|Any CPU
		{AC1E8A16-1EBD-4652-BFB0-220BDCF7BD4F}.Release|Any CPU.ActiveCfg = Release|Any CPU
		{AC1E8A16-1EBD-4652-BFB0-220BDCF7BD4F}.Release|Any CPU.Build.0 = Release|Any CPU
	EndGlobalSection
	GlobalSection(SolutionProperties) = preSolution
		HideSolutionNode = FALSE
	EndGlobalSection
	GlobalSection(NestedProjects) = preSolution
		{27A7BDB0-A9F6-48B0-A423-44584035D772} = {5F8CB7CD-B0AB-4EBB-AE40-02DE94CFEEC3}
		{525A1434-0973-4A7D-A332-F02CF7FDE828} = {5F8CB7CD-B0AB-4EBB-AE40-02DE94CFEEC3}
		{7A52BF55-DBEF-4720-AABF-CE2C63F0C4BE} = {5F8CB7CD-B0AB-4EBB-AE40-02DE94CFEEC3}
		{D9DD0BB7-AEE7-460D-9916-CD6FD0604F22} = {27A7BDB0-A9F6-48B0-A423-44584035D772}
		{DAFE91CD-3A0C-4526-8B50-7C5208230C38} = {27A7BDB0-A9F6-48B0-A423-44584035D772}
		{6BB6F828-BAB2-4BED-9289-E66BC3BC1E22} = {7A52BF55-DBEF-4720-AABF-CE2C63F0C4BE}
		{DC9E43E9-3082-409D-B121-7A4B1F0E3E49} = {525A1434-0973-4A7D-A332-F02CF7FDE828}
		{AC1E8A16-1EBD-4652-BFB0-220BDCF7BD4F} = {7A52BF55-DBEF-4720-AABF-CE2C63F0C4BE}
	EndGlobalSection
	GlobalSection(ExtensibilityGlobals) = postSolution
		SolutionGuid = {E34BB70A-F846-4DFD-ABC8-8238838A061F}
	EndGlobalSection
EndGlobal
